
Microsoft Visual Studio Solution File, Format Version 11.00
# Visual Studio 2010
Project("{FAE04EC0-301F-11D3-BF4B-00C04F79EFBC}") = "MessageShark.Samples.ProtoBufVsMessageShark", "MessageShark.Samples.ProtoBufVsMessageShark\MessageShark.Samples.ProtoBufVsMessageShark.csproj", "{CC7D808E-0EE4-47AE-934C-B6BAA7611A28}"
EndProject
Global
	GlobalSection(SolutionConfigurationPlatforms) = preSolution
		Debug|x86 = Debug|x86
		Release|x86 = Release|x86
	EndGlobalSection
	GlobalSection(ProjectConfigurationPlatforms) = postSolution
		{CC7D808E-0EE4-47AE-934C-B6BAA7611A28}.Debug|x86.ActiveCfg = Debug|x86
		{CC7D808E-0EE4-47AE-934C-B6BAA7611A28}.Debug|x86.Build.0 = Debug|x86
		{CC7D808E-0EE4-47AE-934C-B6BAA7611A28}.Release|x86.ActiveCfg = Release|x86
		{CC7D808E-0EE4-47AE-934C-B6BAA7611A28}.Release|x86.Build.0 = Release|x86
	EndGlobalSection
	GlobalSection(SolutionProperties) = preSolution
		HideSolutionNode = FALSE
	EndGlobalSection
EndGlobal
