
Microsoft Visual Studio Solution File, Format Version 11.00
# Visual Studio 2010
Project("{FAE04EC0-301F-11D3-BF4B-00C04F79EFBC}") = "MessageShark", "MessageShark\MessageShark.csproj", "{13B30F4E-B1FF-401F-92AC-461B6A8F3BBF}"
EndProject
Global
	GlobalSection(SolutionConfigurationPlatforms) = preSolution
		Debug|Any CPU = Debug|Any CPU
		Release|Any CPU = Release|Any CPU
	EndGlobalSection
	GlobalSection(ProjectConfigurationPlatforms) = postSolution
		{13B30F4E-B1FF-401F-92AC-461B6A8F3BBF}.Debug|Any CPU.ActiveCfg = Release|Any CPU
		{13B30F4E-B1FF-401F-92AC-461B6A8F3BBF}.Debug|Any CPU.Build.0 = Release|Any CPU
		{13B30F4E-B1FF-401F-92AC-461B6A8F3BBF}.Release|Any CPU.ActiveCfg = Release|Any CPU
		{13B30F4E-B1FF-401F-92AC-461B6A8F3BBF}.Release|Any CPU.Build.0 = Release|Any CPU
	EndGlobalSection
	GlobalSection(SolutionProperties) = preSolution
		HideSolutionNode = FALSE
	EndGlobalSection
EndGlobal
